
Microsoft Visual Studio Solution File, Format Version 12.00
# Visual Studio 16
Project("{FAE04EC0-301F-11D3-BF4B-00C04F79EFBC}") = "Assembly-CSharp", "Assembly-CSharp.csproj", "{76E0371D-17B7-3FE2-B879-25A78B8659EC}"
EndProject
Project("{FAE04EC0-301F-11D3-BF4B-00C04F79EFBC}") = "Assembly-CSharp-firstpass", "Assembly-CSharp-firstpass.csproj", "{76A15710-E68F-D662-2BA4-43E58A39E06A}"
EndProject
Project("{FAE04EC0-301F-11D3-BF4B-00C04F79EFBC}") = "Assembly-CSharp-Editor-firstpass", "Assembly-CSharp-Editor-firstpass.csproj", "{DFF9C5D1-213C-7FDD-F743-420E6E0E6998}"
EndProject
Global
	GlobalSection(SolutionConfigurationPlatforms) = preSolution
		Debug|Any CPU = Debug|Any CPU
		Release|Any CPU = Release|Any CPU
	EndGlobalSection
	GlobalSection(ProjectConfigurationPlatforms) = postSolution
		{76E0371D-17B7-3FE2-B879-25A78B8659EC}.Debug|Any CPU.ActiveCfg = Debug|Any CPU
		{76E0371D-17B7-3FE2-B879-25A78B8659EC}.Debug|Any CPU.Build.0 = Debug|Any CPU
		{76E0371D-17B7-3FE2-B879-25A78B8659EC}.Release|Any CPU.ActiveCfg = Release|Any CPU
		{76E0371D-17B7-3FE2-B879-25A78B8659EC}.Release|Any CPU.Build.0 = Release|Any CPU
		{76A15710-E68F-D662-2BA4-43E58A39E06A}.Debug|Any CPU.ActiveCfg = Debug|Any CPU
		{76A15710-E68F-D662-2BA4-43E58A39E06A}.Debug|Any CPU.Build.0 = Debug|Any CPU
		{76A15710-E68F-D662-2BA4-43E58A39E06A}.Release|Any CPU.ActiveCfg = Release|Any CPU
		{76A15710-E68F-D662-2BA4-43E58A39E06A}.Release|Any CPU.Build.0 = Release|Any CPU
		{DFF9C5D1-213C-7FDD-F743-420E6E0E6998}.Debug|Any CPU.ActiveCfg = Debug|Any CPU
		{DFF9C5D1-213C-7FDD-F743-420E6E0E6998}.Debug|Any CPU.Build.0 = Debug|Any CPU
		{DFF9C5D1-213C-7FDD-F743-420E6E0E6998}.Release|Any CPU.ActiveCfg = Release|Any CPU
		{DFF9C5D1-213C-7FDD-F743-420E6E0E6998}.Release|Any CPU.Build.0 = Release|Any CPU
	EndGlobalSection
	GlobalSection(SolutionProperties) = preSolution
		HideSolutionNode = FALSE
	EndGlobalSection
	GlobalSection(MonoDevelopProperties) = preSolution
		StartupItem = Assembly-CSharp.csproj
	EndGlobalSection
EndGlobal
